// !$*UTF8*$!
{
	archiveVersion = 1;
	classes = {
	};
	objectVersion = 46;
	objects = {

/* Begin PBXBuildFile section */
		7D27ED83C7C6E73D54D248C8 /* Pods_ergTests.framework in Frameworks */ = {isa = PBXBuildFile; fileRef = 3F97E9478BF077297B5DD12E /* Pods_ergTests.framework */; };
		871E05B71EC6E4F7002933E6 /* AppDelegate.swift in Sources */ = {isa = PBXBuildFile; fileRef = 871E05B61EC6E4F7002933E6 /* AppDelegate.swift */; };
		871E05BC1EC6E4F7002933E6 /* Main.storyboard in Resources */ = {isa = PBXBuildFile; fileRef = 871E05BA1EC6E4F7002933E6 /* Main.storyboard */; };
		871E05C11EC6E4F7002933E6 /* Assets.xcassets in Resources */ = {isa = PBXBuildFile; fileRef = 871E05C01EC6E4F7002933E6 /* Assets.xcassets */; };
		871E05C41EC6E4F7002933E6 /* LaunchScreen.storyboard in Resources */ = {isa = PBXBuildFile; fileRef = 871E05C21EC6E4F7002933E6 /* LaunchScreen.storyboard */; };
		871E05CF1EC6E4F7002933E6 /* ergTests.swift in Sources */ = {isa = PBXBuildFile; fileRef = 871E05CE1EC6E4F7002933E6 /* ergTests.swift */; };
		874A69AF20323F690009A83D /* Piece.swift in Sources */ = {isa = PBXBuildFile; fileRef = 874A69AE20323F690009A83D /* Piece.swift */; };
		87606DBE202C67F600261CF2 /* ColorExtensions.swift in Sources */ = {isa = PBXBuildFile; fileRef = 87606DBD202C67F600261CF2 /* ColorExtensions.swift */; };
		87606DC5202CECEC00261CF2 /* Lora-Bold.ttf in Resources */ = {isa = PBXBuildFile; fileRef = 87606DC1202CECEC00261CF2 /* Lora-Bold.ttf */; };
		87606DC6202CECEC00261CF2 /* Lora-Regular.ttf in Resources */ = {isa = PBXBuildFile; fileRef = 87606DC2202CECEC00261CF2 /* Lora-Regular.ttf */; };
		87606DC7202CECEC00261CF2 /* Lora-Italic.ttf in Resources */ = {isa = PBXBuildFile; fileRef = 87606DC3202CECEC00261CF2 /* Lora-Italic.ttf */; };
		87606DC8202CECEC00261CF2 /* Lora-BoldItalic.ttf in Resources */ = {isa = PBXBuildFile; fileRef = 87606DC4202CECEC00261CF2 /* Lora-BoldItalic.ttf */; };
		87606DCA202CECFD00261CF2 /* Sofia-Regular.ttf in Resources */ = {isa = PBXBuildFile; fileRef = 87606DC9202CECFD00261CF2 /* Sofia-Regular.ttf */; };
		87606DCD202CF00600261CF2 /* FontExtensions.swift in Sources */ = {isa = PBXBuildFile; fileRef = 87606DCC202CF00600261CF2 /* FontExtensions.swift */; };
		87606DCF202CFD8200261CF2 /* Session.swift in Sources */ = {isa = PBXBuildFile; fileRef = 87606DCE202CFD8200261CF2 /* Session.swift */; };
		878022641EC6E6B200D6A867 /* AddErgDataViewController.swift in Sources */ = {isa = PBXBuildFile; fileRef = 878022621EC6E6B200D6A867 /* AddErgDataViewController.swift */; };
		878022691EC6E9CB00D6A867 /* InputCell.swift in Sources */ = {isa = PBXBuildFile; fileRef = 878022671EC6E9CB00D6A867 /* InputCell.swift */; };
		8780226A1EC6E9CB00D6A867 /* InputCell.xib in Resources */ = {isa = PBXBuildFile; fileRef = 878022681EC6E9CB00D6A867 /* InputCell.xib */; };
		878655CE203184AF0050D1BD /* SessionCell.swift in Sources */ = {isa = PBXBuildFile; fileRef = 878655C8203184AE0050D1BD /* SessionCell.swift */; };
		878655CF203184AF0050D1BD /* SessionCell.xib in Resources */ = {isa = PBXBuildFile; fileRef = 878655C9203184AF0050D1BD /* SessionCell.xib */; };
		878655D1203184AF0050D1BD /* HeaderCell.swift in Sources */ = {isa = PBXBuildFile; fileRef = 878655CB203184AF0050D1BD /* HeaderCell.swift */; };
		878655D2203184AF0050D1BD /* HeaderCell.xib in Resources */ = {isa = PBXBuildFile; fileRef = 878655CC203184AF0050D1BD /* HeaderCell.xib */; };
		878655D6203192FD0050D1BD /* ItemsDatasource.swift in Sources */ = {isa = PBXBuildFile; fileRef = 878655D5203192FD0050D1BD /* ItemsDatasource.swift */; };
		878655D8203197B30050D1BD /* ItemsPresenter.swift in Sources */ = {isa = PBXBuildFile; fileRef = 878655D7203197B30050D1BD /* ItemsPresenter.swift */; };
		878B56962063338A00E72849 /* BaseViewController.swift in Sources */ = {isa = PBXBuildFile; fileRef = 878B56952063338A00E72849 /* BaseViewController.swift */; };
		878B5698206343AB00E72849 /* StringExtensions.swift in Sources */ = {isa = PBXBuildFile; fileRef = 878B5697206343AB00E72849 /* StringExtensions.swift */; };
		878B569A2063443500E72849 /* DateExtensions.swift in Sources */ = {isa = PBXBuildFile; fileRef = 878B56992063443500E72849 /* DateExtensions.swift */; };
		878B569C2063486600E72849 /* AddErgPresenter.swift in Sources */ = {isa = PBXBuildFile; fileRef = 878B569B2063486600E72849 /* AddErgPresenter.swift */; };
		878B569E2063487600E72849 /* AddErgDataSource.swift in Sources */ = {isa = PBXBuildFile; fileRef = 878B569D2063487600E72849 /* AddErgDataSource.swift */; };
		87B5CF0C1F8DE9C000FE12E8 /* SignUpViewController.swift in Sources */ = {isa = PBXBuildFile; fileRef = 87B5CF091F8DE9C000FE12E8 /* SignUpViewController.swift */; };
		87B5CF0D1F8DE9C000FE12E8 /* ItemsTableViewController.swift in Sources */ = {isa = PBXBuildFile; fileRef = 87B5CF0A1F8DE9C000FE12E8 /* ItemsTableViewController.swift */; };
		87B5CF0E1F8DE9C000FE12E8 /* LoginViewController.swift in Sources */ = {isa = PBXBuildFile; fileRef = 87B5CF0B1F8DE9C000FE12E8 /* LoginViewController.swift */; };
		87B5CF101F8DEA0F00FE12E8 /* GoogleService-Info.plist in Resources */ = {isa = PBXBuildFile; fileRef = 87B5CF0F1F8DEA0F00FE12E8 /* GoogleService-Info.plist */; };
		87B5CF121F8DEA1E00FE12E8 /* Item.swift in Sources */ = {isa = PBXBuildFile; fileRef = 87B5CF111F8DEA1E00FE12E8 /* Item.swift */; };
		87CDA22A2043F2DA00E2D86B /* Workout.swift in Sources */ = {isa = PBXBuildFile; fileRef = 87CDA2292043F2DA00E2D86B /* Workout.swift */; };
		87E9CAFD2032874200CDF755 /* ArrayExtension.swift in Sources */ = {isa = PBXBuildFile; fileRef = 87E9CAFC2032874200CDF755 /* ArrayExtension.swift */; };
		FFF3A9DD99EF72337C9B79BD /* Pods_erg.framework in Frameworks */ = {isa = PBXBuildFile; fileRef = 0CCB5CE723B2FEAD15EC34FB /* Pods_erg.framework */; };
/* End PBXBuildFile section */

/* Begin PBXContainerItemProxy section */
		871E05CB1EC6E4F7002933E6 /* PBXContainerItemProxy */ = {
			isa = PBXContainerItemProxy;
			containerPortal = 871E05AB1EC6E4F6002933E6 /* Project object */;
			proxyType = 1;
			remoteGlobalIDString = 871E05B21EC6E4F6002933E6;
			remoteInfo = erg;
		};
/* End PBXContainerItemProxy section */

/* Begin PBXFileReference section */
		0CCB5CE723B2FEAD15EC34FB /* Pods_erg.framework */ = {isa = PBXFileReference; explicitFileType = wrapper.framework; includeInIndex = 0; path = Pods_erg.framework; sourceTree = BUILT_PRODUCTS_DIR; };
		30790E637379AEB011944A81 /* Pods-erg.release.xcconfig */ = {isa = PBXFileReference; includeInIndex = 1; lastKnownFileType = text.xcconfig; name = "Pods-erg.release.xcconfig"; path = "Pods/Target Support Files/Pods-erg/Pods-erg.release.xcconfig"; sourceTree = "<group>"; };
		3F97E9478BF077297B5DD12E /* Pods_ergTests.framework */ = {isa = PBXFileReference; explicitFileType = wrapper.framework; includeInIndex = 0; path = Pods_ergTests.framework; sourceTree = BUILT_PRODUCTS_DIR; };
		7E5B8C580A6CF8432D275161 /* Pods-ergTests.debug.xcconfig */ = {isa = PBXFileReference; includeInIndex = 1; lastKnownFileType = text.xcconfig; name = "Pods-ergTests.debug.xcconfig"; path = "Pods/Target Support Files/Pods-ergTests/Pods-ergTests.debug.xcconfig"; sourceTree = "<group>"; };
		7E7DD50F3F7701A26348AE83 /* Pods-erg.debug.xcconfig */ = {isa = PBXFileReference; includeInIndex = 1; lastKnownFileType = text.xcconfig; name = "Pods-erg.debug.xcconfig"; path = "Pods/Target Support Files/Pods-erg/Pods-erg.debug.xcconfig"; sourceTree = "<group>"; };
		8610F3D26038AE783E702777 /* Pods-ergTests.release.xcconfig */ = {isa = PBXFileReference; includeInIndex = 1; lastKnownFileType = text.xcconfig; name = "Pods-ergTests.release.xcconfig"; path = "Pods/Target Support Files/Pods-ergTests/Pods-ergTests.release.xcconfig"; sourceTree = "<group>"; };
		871E05B31EC6E4F6002933E6 /* erg.app */ = {isa = PBXFileReference; explicitFileType = wrapper.application; includeInIndex = 0; path = erg.app; sourceTree = BUILT_PRODUCTS_DIR; };
		871E05B61EC6E4F7002933E6 /* AppDelegate.swift */ = {isa = PBXFileReference; lastKnownFileType = sourcecode.swift; path = AppDelegate.swift; sourceTree = "<group>"; };
		871E05BB1EC6E4F7002933E6 /* Base */ = {isa = PBXFileReference; lastKnownFileType = file.storyboard; name = Base; path = Base.lproj/Main.storyboard; sourceTree = "<group>"; };
		871E05C01EC6E4F7002933E6 /* Assets.xcassets */ = {isa = PBXFileReference; lastKnownFileType = folder.assetcatalog; path = Assets.xcassets; sourceTree = "<group>"; };
		871E05C31EC6E4F7002933E6 /* Base */ = {isa = PBXFileReference; lastKnownFileType = file.storyboard; name = Base; path = Base.lproj/LaunchScreen.storyboard; sourceTree = "<group>"; };
		871E05C51EC6E4F7002933E6 /* Info.plist */ = {isa = PBXFileReference; lastKnownFileType = text.plist.xml; path = Info.plist; sourceTree = "<group>"; };
		871E05CA1EC6E4F7002933E6 /* ergTests.xctest */ = {isa = PBXFileReference; explicitFileType = wrapper.cfbundle; includeInIndex = 0; path = ergTests.xctest; sourceTree = BUILT_PRODUCTS_DIR; };
		871E05CE1EC6E4F7002933E6 /* ergTests.swift */ = {isa = PBXFileReference; lastKnownFileType = sourcecode.swift; path = ergTests.swift; sourceTree = "<group>"; };
		871E05D01EC6E4F7002933E6 /* Info.plist */ = {isa = PBXFileReference; lastKnownFileType = text.plist.xml; path = Info.plist; sourceTree = "<group>"; };
		874A69AE20323F690009A83D /* Piece.swift */ = {isa = PBXFileReference; lastKnownFileType = sourcecode.swift; path = Piece.swift; sourceTree = "<group>"; };
		87606DBD202C67F600261CF2 /* ColorExtensions.swift */ = {isa = PBXFileReference; lastKnownFileType = sourcecode.swift; path = ColorExtensions.swift; sourceTree = "<group>"; };
		87606DC1202CECEC00261CF2 /* Lora-Bold.ttf */ = {isa = PBXFileReference; lastKnownFileType = file; path = "Lora-Bold.ttf"; sourceTree = "<group>"; };
		87606DC2202CECEC00261CF2 /* Lora-Regular.ttf */ = {isa = PBXFileReference; lastKnownFileType = file; path = "Lora-Regular.ttf"; sourceTree = "<group>"; };
		87606DC3202CECEC00261CF2 /* Lora-Italic.ttf */ = {isa = PBXFileReference; lastKnownFileType = file; path = "Lora-Italic.ttf"; sourceTree = "<group>"; };
		87606DC4202CECEC00261CF2 /* Lora-BoldItalic.ttf */ = {isa = PBXFileReference; lastKnownFileType = file; path = "Lora-BoldItalic.ttf"; sourceTree = "<group>"; };
		87606DC9202CECFD00261CF2 /* Sofia-Regular.ttf */ = {isa = PBXFileReference; lastKnownFileType = file; path = "Sofia-Regular.ttf"; sourceTree = "<group>"; };
		87606DCC202CF00600261CF2 /* FontExtensions.swift */ = {isa = PBXFileReference; lastKnownFileType = sourcecode.swift; path = FontExtensions.swift; sourceTree = "<group>"; };
		87606DCE202CFD8200261CF2 /* Session.swift */ = {isa = PBXFileReference; lastKnownFileType = sourcecode.swift; path = Session.swift; sourceTree = "<group>"; };
		878022621EC6E6B200D6A867 /* AddErgDataViewController.swift */ = {isa = PBXFileReference; fileEncoding = 4; lastKnownFileType = sourcecode.swift; path = AddErgDataViewController.swift; sourceTree = "<group>"; };
		878022671EC6E9CB00D6A867 /* InputCell.swift */ = {isa = PBXFileReference; fileEncoding = 4; lastKnownFileType = sourcecode.swift; path = InputCell.swift; sourceTree = "<group>"; };
		878022681EC6E9CB00D6A867 /* InputCell.xib */ = {isa = PBXFileReference; fileEncoding = 4; lastKnownFileType = file.xib; path = InputCell.xib; sourceTree = "<group>"; };
		878655C8203184AE0050D1BD /* SessionCell.swift */ = {isa = PBXFileReference; fileEncoding = 4; lastKnownFileType = sourcecode.swift; path = SessionCell.swift; sourceTree = "<group>"; };
		878655C9203184AF0050D1BD /* SessionCell.xib */ = {isa = PBXFileReference; fileEncoding = 4; lastKnownFileType = file.xib; path = SessionCell.xib; sourceTree = "<group>"; };
		878655CB203184AF0050D1BD /* HeaderCell.swift */ = {isa = PBXFileReference; fileEncoding = 4; lastKnownFileType = sourcecode.swift; path = HeaderCell.swift; sourceTree = "<group>"; };
		878655CC203184AF0050D1BD /* HeaderCell.xib */ = {isa = PBXFileReference; fileEncoding = 4; lastKnownFileType = file.xib; path = HeaderCell.xib; sourceTree = "<group>"; };
		878655D5203192FD0050D1BD /* ItemsDatasource.swift */ = {isa = PBXFileReference; lastKnownFileType = sourcecode.swift; path = ItemsDatasource.swift; sourceTree = "<group>"; };
		878655D7203197B30050D1BD /* ItemsPresenter.swift */ = {isa = PBXFileReference; lastKnownFileType = sourcecode.swift; path = ItemsPresenter.swift; sourceTree = "<group>"; };
		878B56952063338A00E72849 /* BaseViewController.swift */ = {isa = PBXFileReference; lastKnownFileType = sourcecode.swift; path = BaseViewController.swift; sourceTree = "<group>"; };
		878B5697206343AB00E72849 /* StringExtensions.swift */ = {isa = PBXFileReference; lastKnownFileType = sourcecode.swift; path = StringExtensions.swift; sourceTree = "<group>"; };
		878B56992063443500E72849 /* DateExtensions.swift */ = {isa = PBXFileReference; lastKnownFileType = sourcecode.swift; path = DateExtensions.swift; sourceTree = "<group>"; };
		878B569B2063486600E72849 /* AddErgPresenter.swift */ = {isa = PBXFileReference; lastKnownFileType = sourcecode.swift; path = AddErgPresenter.swift; sourceTree = "<group>"; };
		878B569D2063487600E72849 /* AddErgDataSource.swift */ = {isa = PBXFileReference; lastKnownFileType = sourcecode.swift; path = AddErgDataSource.swift; sourceTree = "<group>"; };
		87B5CF091F8DE9C000FE12E8 /* SignUpViewController.swift */ = {isa = PBXFileReference; lastKnownFileType = sourcecode.swift; path = SignUpViewController.swift; sourceTree = "<group>"; };
		87B5CF0A1F8DE9C000FE12E8 /* ItemsTableViewController.swift */ = {isa = PBXFileReference; lastKnownFileType = sourcecode.swift; path = ItemsTableViewController.swift; sourceTree = "<group>"; };
		87B5CF0B1F8DE9C000FE12E8 /* LoginViewController.swift */ = {isa = PBXFileReference; lastKnownFileType = sourcecode.swift; path = LoginViewController.swift; sourceTree = "<group>"; };
		87B5CF0F1F8DEA0F00FE12E8 /* GoogleService-Info.plist */ = {isa = PBXFileReference; fileEncoding = 4; lastKnownFileType = text.plist.xml; path = "GoogleService-Info.plist"; sourceTree = "<group>"; };
		87B5CF111F8DEA1E00FE12E8 /* Item.swift */ = {isa = PBXFileReference; lastKnownFileType = sourcecode.swift; path = Item.swift; sourceTree = "<group>"; };
		87CDA2292043F2DA00E2D86B /* Workout.swift */ = {isa = PBXFileReference; lastKnownFileType = sourcecode.swift; path = Workout.swift; sourceTree = "<group>"; };
		87E9CAFC2032874200CDF755 /* ArrayExtension.swift */ = {isa = PBXFileReference; lastKnownFileType = sourcecode.swift; path = ArrayExtension.swift; sourceTree = "<group>"; };
/* End PBXFileReference section */

/* Begin PBXFrameworksBuildPhase section */
		871E05B01EC6E4F6002933E6 /* Frameworks */ = {
			isa = PBXFrameworksBuildPhase;
			buildActionMask = 2147483647;
			files = (
				FFF3A9DD99EF72337C9B79BD /* Pods_erg.framework in Frameworks */,
			);
			runOnlyForDeploymentPostprocessing = 0;
		};
		871E05C71EC6E4F7002933E6 /* Frameworks */ = {
			isa = PBXFrameworksBuildPhase;
			buildActionMask = 2147483647;
			files = (
				7D27ED83C7C6E73D54D248C8 /* Pods_ergTests.framework in Frameworks */,
			);
			runOnlyForDeploymentPostprocessing = 0;
		};
/* End PBXFrameworksBuildPhase section */

/* Begin PBXGroup section */
		249EE002A571974245505542 /* Frameworks */ = {
			isa = PBXGroup;
			children = (
				0CCB5CE723B2FEAD15EC34FB /* Pods_erg.framework */,
				3F97E9478BF077297B5DD12E /* Pods_ergTests.framework */,
			);
			name = Frameworks;
			sourceTree = "<group>";
		};
		803FC02D95F465B41E69B403 /* Pods */ = {
			isa = PBXGroup;
			children = (
				7E7DD50F3F7701A26348AE83 /* Pods-erg.debug.xcconfig */,
				30790E637379AEB011944A81 /* Pods-erg.release.xcconfig */,
				7E5B8C580A6CF8432D275161 /* Pods-ergTests.debug.xcconfig */,
				8610F3D26038AE783E702777 /* Pods-ergTests.release.xcconfig */,
			);
			name = Pods;
			sourceTree = "<group>";
		};
		871E05AA1EC6E4F6002933E6 = {
			isa = PBXGroup;
			children = (
				871E05B51EC6E4F6002933E6 /* erg */,
				871E05CD1EC6E4F7002933E6 /* ergTests */,
				871E05B41EC6E4F6002933E6 /* Products */,
				803FC02D95F465B41E69B403 /* Pods */,
				249EE002A571974245505542 /* Frameworks */,
			);
			sourceTree = "<group>";
		};
		871E05B41EC6E4F6002933E6 /* Products */ = {
			isa = PBXGroup;
			children = (
				871E05B31EC6E4F6002933E6 /* erg.app */,
				871E05CA1EC6E4F7002933E6 /* ergTests.xctest */,
			);
			name = Products;
			sourceTree = "<group>";
		};
		871E05B51EC6E4F6002933E6 /* erg */ = {
			isa = PBXGroup;
			children = (
				87606DD0202CFD8600261CF2 /* Models */,
				87606DCB202CED1700261CF2 /* Utilities */,
				87606DBF202CECAC00261CF2 /* Resources */,
				878022661EC6E99F00D6A867 /* Cells */,
				878655D4203192D00050D1BD /* Datasources */,
				878022611EC6E59800D6A867 /* ViewControllers */,
				871E05B61EC6E4F7002933E6 /* AppDelegate.swift */,
				871E05BA1EC6E4F7002933E6 /* Main.storyboard */,
				871E05C01EC6E4F7002933E6 /* Assets.xcassets */,
				871E05C21EC6E4F7002933E6 /* LaunchScreen.storyboard */,
				871E05C51EC6E4F7002933E6 /* Info.plist */,
			);
			path = erg;
			sourceTree = "<group>";
		};
		871E05CD1EC6E4F7002933E6 /* ergTests */ = {
			isa = PBXGroup;
			children = (
				871E05CE1EC6E4F7002933E6 /* ergTests.swift */,
				871E05D01EC6E4F7002933E6 /* Info.plist */,
			);
			path = ergTests;
			sourceTree = "<group>";
		};
		87606DBF202CECAC00261CF2 /* Resources */ = {
			isa = PBXGroup;
			children = (
				87606DC0202CECBE00261CF2 /* Fonts */,
				87B5CF0F1F8DEA0F00FE12E8 /* GoogleService-Info.plist */,
			);
			name = Resources;
			sourceTree = "<group>";
		};
		87606DC0202CECBE00261CF2 /* Fonts */ = {
			isa = PBXGroup;
			children = (
				87606DC9202CECFD00261CF2 /* Sofia-Regular.ttf */,
				87606DC1202CECEC00261CF2 /* Lora-Bold.ttf */,
				87606DC4202CECEC00261CF2 /* Lora-BoldItalic.ttf */,
				87606DC3202CECEC00261CF2 /* Lora-Italic.ttf */,
				87606DC2202CECEC00261CF2 /* Lora-Regular.ttf */,
			);
			name = Fonts;
			sourceTree = "<group>";
		};
		87606DCB202CED1700261CF2 /* Utilities */ = {
			isa = PBXGroup;
			children = (
				87606DBD202C67F600261CF2 /* ColorExtensions.swift */,
				87606DCC202CF00600261CF2 /* FontExtensions.swift */,
				87E9CAFC2032874200CDF755 /* ArrayExtension.swift */,
				878B5697206343AB00E72849 /* StringExtensions.swift */,
				878B56992063443500E72849 /* DateExtensions.swift */,
			);
			name = Utilities;
			sourceTree = "<group>";
		};
		87606DD0202CFD8600261CF2 /* Models */ = {
			isa = PBXGroup;
			children = (
				87B5CF111F8DEA1E00FE12E8 /* Item.swift */,
				87606DCE202CFD8200261CF2 /* Session.swift */,
				874A69AE20323F690009A83D /* Piece.swift */,
				87CDA2292043F2DA00E2D86B /* Workout.swift */,
			);
			name = Models;
			sourceTree = "<group>";
		};
		878022611EC6E59800D6A867 /* ViewControllers */ = {
			isa = PBXGroup;
			children = (
				878B56A02063488E00E72849 /* Items */,
				878B569F2063488100E72849 /* AddErg */,
				87B5CF0B1F8DE9C000FE12E8 /* LoginViewController.swift */,
				87B5CF091F8DE9C000FE12E8 /* SignUpViewController.swift */,
				878B56952063338A00E72849 /* BaseViewController.swift */,
			);
			name = ViewControllers;
			sourceTree = "<group>";
		};
		878022661EC6E99F00D6A867 /* Cells */ = {
			isa = PBXGroup;
			children = (
				878655CB203184AF0050D1BD /* HeaderCell.swift */,
				878655CC203184AF0050D1BD /* HeaderCell.xib */,
				878655C8203184AE0050D1BD /* SessionCell.swift */,
				878655C9203184AF0050D1BD /* SessionCell.xib */,
				878022671EC6E9CB00D6A867 /* InputCell.swift */,
				878022681EC6E9CB00D6A867 /* InputCell.xib */,
			);
			name = Cells;
			sourceTree = "<group>";
		};
		878655D4203192D00050D1BD /* Datasources */ = {
			isa = PBXGroup;
			children = (
			);
			name = Datasources;
			sourceTree = "<group>";
		};
		878B569F2063488100E72849 /* AddErg */ = {
			isa = PBXGroup;
			children = (
				878B569D2063487600E72849 /* AddErgDataSource.swift */,
				878022621EC6E6B200D6A867 /* AddErgDataViewController.swift */,
				878B569B2063486600E72849 /* AddErgPresenter.swift */,
			);
			name = AddErg;
			sourceTree = "<group>";
		};
		878B56A02063488E00E72849 /* Items */ = {
			isa = PBXGroup;
			children = (
				878655D5203192FD0050D1BD /* ItemsDatasource.swift */,
				87B5CF0A1F8DE9C000FE12E8 /* ItemsTableViewController.swift */,
				878655D7203197B30050D1BD /* ItemsPresenter.swift */,
			);
			name = Items;
			sourceTree = "<group>";
		};
/* End PBXGroup section */

/* Begin PBXNativeTarget section */
		871E05B21EC6E4F6002933E6 /* erg */ = {
			isa = PBXNativeTarget;
			buildConfigurationList = 871E05D31EC6E4F7002933E6 /* Build configuration list for PBXNativeTarget "erg" */;
			buildPhases = (
				1D5807046F3528941C89530F /* [CP] Check Pods Manifest.lock */,
				871E05AF1EC6E4F6002933E6 /* Sources */,
				871E05B01EC6E4F6002933E6 /* Frameworks */,
				871E05B11EC6E4F6002933E6 /* Resources */,
				30197F5D5F2FDCB15D400B33 /* [CP] Embed Pods Frameworks */,
				F0D917F6FD507399BB155956 /* [CP] Copy Pods Resources */,
			);
			buildRules = (
			);
			dependencies = (
			);
			name = erg;
			productName = erg;
			productReference = 871E05B31EC6E4F6002933E6 /* erg.app */;
			productType = "com.apple.product-type.application";
		};
		871E05C91EC6E4F7002933E6 /* ergTests */ = {
			isa = PBXNativeTarget;
			buildConfigurationList = 871E05D61EC6E4F7002933E6 /* Build configuration list for PBXNativeTarget "ergTests" */;
			buildPhases = (
				74C1DAA71B3E26D6B7C910A7 /* [CP] Check Pods Manifest.lock */,
				871E05C61EC6E4F7002933E6 /* Sources */,
				871E05C71EC6E4F7002933E6 /* Frameworks */,
				871E05C81EC6E4F7002933E6 /* Resources */,
				C3C0BEA8488EBE61B89B72D8 /* [CP] Embed Pods Frameworks */,
				C9F964B03E1D8A730F290DEA /* [CP] Copy Pods Resources */,
			);
			buildRules = (
			);
			dependencies = (
				871E05CC1EC6E4F7002933E6 /* PBXTargetDependency */,
			);
			name = ergTests;
			productName = ergTests;
			productReference = 871E05CA1EC6E4F7002933E6 /* ergTests.xctest */;
			productType = "com.apple.product-type.bundle.unit-test";
		};
/* End PBXNativeTarget section */

/* Begin PBXProject section */
		871E05AB1EC6E4F6002933E6 /* Project object */ = {
			isa = PBXProject;
			attributes = {
				LastSwiftUpdateCheck = 0830;
				LastUpgradeCheck = 0900;
				ORGANIZATIONNAME = star;
				TargetAttributes = {
					871E05B21EC6E4F6002933E6 = {
						CreatedOnToolsVersion = 8.3.2;
						DevelopmentTeam = P9H7299LZ6;
						LastSwiftMigration = 0900;
						ProvisioningStyle = Manual;
					};
					871E05C91EC6E4F7002933E6 = {
						CreatedOnToolsVersion = 8.3.2;
						DevelopmentTeam = RU5SGBJGGX;
						LastSwiftMigration = 0900;
						ProvisioningStyle = Automatic;
						TestTargetID = 871E05B21EC6E4F6002933E6;
					};
				};
			};
			buildConfigurationList = 871E05AE1EC6E4F6002933E6 /* Build configuration list for PBXProject "erg" */;
			compatibilityVersion = "Xcode 3.2";
			developmentRegion = English;
			hasScannedForEncodings = 0;
			knownRegions = (
				en,
				Base,
			);
			mainGroup = 871E05AA1EC6E4F6002933E6;
			productRefGroup = 871E05B41EC6E4F6002933E6 /* Products */;
			projectDirPath = "";
			projectRoot = "";
			targets = (
				871E05B21EC6E4F6002933E6 /* erg */,
				871E05C91EC6E4F7002933E6 /* ergTests */,
			);
		};
/* End PBXProject section */

/* Begin PBXResourcesBuildPhase section */
		871E05B11EC6E4F6002933E6 /* Resources */ = {
			isa = PBXResourcesBuildPhase;
			buildActionMask = 2147483647;
			files = (
				8780226A1EC6E9CB00D6A867 /* InputCell.xib in Resources */,
				871E05C41EC6E4F7002933E6 /* LaunchScreen.storyboard in Resources */,
				87B5CF101F8DEA0F00FE12E8 /* GoogleService-Info.plist in Resources */,
				87606DC6202CECEC00261CF2 /* Lora-Regular.ttf in Resources */,
				878655D2203184AF0050D1BD /* HeaderCell.xib in Resources */,
				87606DC7202CECEC00261CF2 /* Lora-Italic.ttf in Resources */,
				878655CF203184AF0050D1BD /* SessionCell.xib in Resources */,
				87606DC5202CECEC00261CF2 /* Lora-Bold.ttf in Resources */,
				871E05C11EC6E4F7002933E6 /* Assets.xcassets in Resources */,
				87606DC8202CECEC00261CF2 /* Lora-BoldItalic.ttf in Resources */,
				87606DCA202CECFD00261CF2 /* Sofia-Regular.ttf in Resources */,
				871E05BC1EC6E4F7002933E6 /* Main.storyboard in Resources */,
			);
			runOnlyForDeploymentPostprocessing = 0;
		};
		871E05C81EC6E4F7002933E6 /* Resources */ = {
			isa = PBXResourcesBuildPhase;
			buildActionMask = 2147483647;
			files = (
			);
			runOnlyForDeploymentPostprocessing = 0;
		};
/* End PBXResourcesBuildPhase section */

/* Begin PBXShellScriptBuildPhase section */
		1D5807046F3528941C89530F /* [CP] Check Pods Manifest.lock */ = {
			isa = PBXShellScriptBuildPhase;
			buildActionMask = 2147483647;
			files = (
			);
			inputPaths = (
				"${PODS_PODFILE_DIR_PATH}/Podfile.lock",
				"${PODS_ROOT}/Manifest.lock",
			);
			name = "[CP] Check Pods Manifest.lock";
			outputPaths = (
				"$(DERIVED_FILE_DIR)/Pods-erg-checkManifestLockResult.txt",
			);
			runOnlyForDeploymentPostprocessing = 0;
			shellPath = /bin/sh;
			shellScript = "diff \"${PODS_PODFILE_DIR_PATH}/Podfile.lock\" \"${PODS_ROOT}/Manifest.lock\" > /dev/null\nif [ $? != 0 ] ; then\n    # print error to STDERR\n    echo \"error: The sandbox is not in sync with the Podfile.lock. Run 'pod install' or update your CocoaPods installation.\" >&2\n    exit 1\nfi\n# This output is used by Xcode 'outputs' to avoid re-running this script phase.\necho \"SUCCESS\" > \"${SCRIPT_OUTPUT_FILE_0}\"\n";
			showEnvVarsInLog = 0;
		};
		30197F5D5F2FDCB15D400B33 /* [CP] Embed Pods Frameworks */ = {
			isa = PBXShellScriptBuildPhase;
			buildActionMask = 2147483647;
			files = (
			);
			inputPaths = (
				"${SRCROOT}/Pods/Target Support Files/Pods-erg/Pods-erg-frameworks.sh",
				"${BUILT_PRODUCTS_DIR}/GTMSessionFetcher/GTMSessionFetcher.framework",
				"${BUILT_PRODUCTS_DIR}/GoogleToolboxForMac/GoogleToolboxForMac.framework",
				"${BUILT_PRODUCTS_DIR}/leveldb-library/leveldb.framework",
				"${BUILT_PRODUCTS_DIR}/nanopb/nanopb.framework",
			);
			name = "[CP] Embed Pods Frameworks";
			outputPaths = (
				"${TARGET_BUILD_DIR}/${FRAMEWORKS_FOLDER_PATH}/GTMSessionFetcher.framework",
				"${TARGET_BUILD_DIR}/${FRAMEWORKS_FOLDER_PATH}/GoogleToolboxForMac.framework",
				"${TARGET_BUILD_DIR}/${FRAMEWORKS_FOLDER_PATH}/leveldb.framework",
				"${TARGET_BUILD_DIR}/${FRAMEWORKS_FOLDER_PATH}/nanopb.framework",
			);
			runOnlyForDeploymentPostprocessing = 0;
			shellPath = /bin/sh;
			shellScript = "\"${SRCROOT}/Pods/Target Support Files/Pods-erg/Pods-erg-frameworks.sh\"\n";
			showEnvVarsInLog = 0;
		};
		74C1DAA71B3E26D6B7C910A7 /* [CP] Check Pods Manifest.lock */ = {
			isa = PBXShellScriptBuildPhase;
			buildActionMask = 2147483647;
			files = (
			);
			inputPaths = (
				"${PODS_PODFILE_DIR_PATH}/Podfile.lock",
				"${PODS_ROOT}/Manifest.lock",
			);
			name = "[CP] Check Pods Manifest.lock";
			outputPaths = (
				"$(DERIVED_FILE_DIR)/Pods-ergTests-checkManifestLockResult.txt",
			);
			runOnlyForDeploymentPostprocessing = 0;
			shellPath = /bin/sh;
			shellScript = "diff \"${PODS_PODFILE_DIR_PATH}/Podfile.lock\" \"${PODS_ROOT}/Manifest.lock\" > /dev/null\nif [ $? != 0 ] ; then\n    # print error to STDERR\n    echo \"error: The sandbox is not in sync with the Podfile.lock. Run 'pod install' or update your CocoaPods installation.\" >&2\n    exit 1\nfi\n# This output is used by Xcode 'outputs' to avoid re-running this script phase.\necho \"SUCCESS\" > \"${SCRIPT_OUTPUT_FILE_0}\"\n";
			showEnvVarsInLog = 0;
		};
		C3C0BEA8488EBE61B89B72D8 /* [CP] Embed Pods Frameworks */ = {
			isa = PBXShellScriptBuildPhase;
			buildActionMask = 2147483647;
			files = (
			);
			inputPaths = (
			);
			name = "[CP] Embed Pods Frameworks";
			outputPaths = (
			);
			runOnlyForDeploymentPostprocessing = 0;
			shellPath = /bin/sh;
			shellScript = "\"${SRCROOT}/Pods/Target Support Files/Pods-ergTests/Pods-ergTests-frameworks.sh\"\n";
			showEnvVarsInLog = 0;
		};
		C9F964B03E1D8A730F290DEA /* [CP] Copy Pods Resources */ = {
			isa = PBXShellScriptBuildPhase;
			buildActionMask = 2147483647;
			files = (
			);
			inputPaths = (
			);
			name = "[CP] Copy Pods Resources";
			outputPaths = (
			);
			runOnlyForDeploymentPostprocessing = 0;
			shellPath = /bin/sh;
			shellScript = "\"${SRCROOT}/Pods/Target Support Files/Pods-ergTests/Pods-ergTests-resources.sh\"\n";
			showEnvVarsInLog = 0;
		};
		F0D917F6FD507399BB155956 /* [CP] Copy Pods Resources */ = {
			isa = PBXShellScriptBuildPhase;
			buildActionMask = 2147483647;
			files = (
			);
			inputPaths = (
			);
			name = "[CP] Copy Pods Resources";
			outputPaths = (
			);
			runOnlyForDeploymentPostprocessing = 0;
			shellPath = /bin/sh;
			shellScript = "\"${SRCROOT}/Pods/Target Support Files/Pods-erg/Pods-erg-resources.sh\"\n";
			showEnvVarsInLog = 0;
		};
/* End PBXShellScriptBuildPhase section */

/* Begin PBXSourcesBuildPhase section */
		871E05AF1EC6E4F6002933E6 /* Sources */ = {
			isa = PBXSourcesBuildPhase;
			buildActionMask = 2147483647;
			files = (
				87606DCD202CF00600261CF2 /* FontExtensions.swift in Sources */,
				878655D6203192FD0050D1BD /* ItemsDatasource.swift in Sources */,
				87B5CF0C1F8DE9C000FE12E8 /* SignUpViewController.swift in Sources */,
				87606DBE202C67F600261CF2 /* ColorExtensions.swift in Sources */,
				878B56962063338A00E72849 /* BaseViewController.swift in Sources */,
				87B5CF121F8DEA1E00FE12E8 /* Item.swift in Sources */,
				87CDA22A2043F2DA00E2D86B /* Workout.swift in Sources */,
				878022691EC6E9CB00D6A867 /* InputCell.swift in Sources */,
				878B569E2063487600E72849 /* AddErgDataSource.swift in Sources */,
				878655D8203197B30050D1BD /* ItemsPresenter.swift in Sources */,
				878655D1203184AF0050D1BD /* HeaderCell.swift in Sources */,
				878022641EC6E6B200D6A867 /* AddErgDataViewController.swift in Sources */,
				87B5CF0E1F8DE9C000FE12E8 /* LoginViewController.swift in Sources */,
				878B5698206343AB00E72849 /* StringExtensions.swift in Sources */,
				87606DCF202CFD8200261CF2 /* Session.swift in Sources */,
				878B569A2063443500E72849 /* DateExtensions.swift in Sources */,
				874A69AF20323F690009A83D /* Piece.swift in Sources */,
				878655CE203184AF0050D1BD /* SessionCell.swift in Sources */,
				871E05B71EC6E4F7002933E6 /* AppDelegate.swift in Sources */,
				87B5CF0D1F8DE9C000FE12E8 /* ItemsTableViewController.swift in Sources */,
				87E9CAFD2032874200CDF755 /* ArrayExtension.swift in Sources */,
				878B569C2063486600E72849 /* AddErgPresenter.swift in Sources */,
			);
			runOnlyForDeploymentPostprocessing = 0;
		};
		871E05C61EC6E4F7002933E6 /* Sources */ = {
			isa = PBXSourcesBuildPhase;
			buildActionMask = 2147483647;
			files = (
				871E05CF1EC6E4F7002933E6 /* ergTests.swift in Sources */,
			);
			runOnlyForDeploymentPostprocessing = 0;
		};
/* End PBXSourcesBuildPhase section */

/* Begin PBXTargetDependency section */
		871E05CC1EC6E4F7002933E6 /* PBXTargetDependency */ = {
			isa = PBXTargetDependency;
			target = 871E05B21EC6E4F6002933E6 /* erg */;
			targetProxy = 871E05CB1EC6E4F7002933E6 /* PBXContainerItemProxy */;
		};
/* End PBXTargetDependency section */

/* Begin PBXVariantGroup section */
		871E05BA1EC6E4F7002933E6 /* Main.storyboard */ = {
			isa = PBXVariantGroup;
			children = (
				871E05BB1EC6E4F7002933E6 /* Base */,
			);
			name = Main.storyboard;
			sourceTree = "<group>";
		};
		871E05C21EC6E4F7002933E6 /* LaunchScreen.storyboard */ = {
			isa = PBXVariantGroup;
			children = (
				871E05C31EC6E4F7002933E6 /* Base */,
			);
			name = LaunchScreen.storyboard;
			sourceTree = "<group>";
		};
/* End PBXVariantGroup section */

/* Begin XCBuildConfiguration section */
		871E05D11EC6E4F7002933E6 /* Debug */ = {
			isa = XCBuildConfiguration;
			buildSettings = {
				ALWAYS_SEARCH_USER_PATHS = NO;
				CLANG_ANALYZER_NONNULL = YES;
				CLANG_ANALYZER_NUMBER_OBJECT_CONVERSION = YES_AGGRESSIVE;
				CLANG_CXX_LANGUAGE_STANDARD = "gnu++0x";
				CLANG_CXX_LIBRARY = "libc++";
				CLANG_ENABLE_MODULES = YES;
				CLANG_ENABLE_OBJC_ARC = YES;
				CLANG_WARN_BLOCK_CAPTURE_AUTORELEASING = YES;
				CLANG_WARN_BOOL_CONVERSION = YES;
				CLANG_WARN_COMMA = YES;
				CLANG_WARN_CONSTANT_CONVERSION = YES;
				CLANG_WARN_DIRECT_OBJC_ISA_USAGE = YES_ERROR;
				CLANG_WARN_DOCUMENTATION_COMMENTS = YES;
				CLANG_WARN_EMPTY_BODY = YES;
				CLANG_WARN_ENUM_CONVERSION = YES;
				CLANG_WARN_INFINITE_RECURSION = YES;
				CLANG_WARN_INT_CONVERSION = YES;
				CLANG_WARN_NON_LITERAL_NULL_CONVERSION = YES;
				CLANG_WARN_OBJC_LITERAL_CONVERSION = YES;
				CLANG_WARN_OBJC_ROOT_CLASS = YES_ERROR;
				CLANG_WARN_RANGE_LOOP_ANALYSIS = YES;
				CLANG_WARN_STRICT_PROTOTYPES = YES;
				CLANG_WARN_SUSPICIOUS_MOVE = YES;
				CLANG_WARN_UNREACHABLE_CODE = YES;
				CLANG_WARN__DUPLICATE_METHOD_MATCH = YES;
				"CODE_SIGN_IDENTITY[sdk=iphoneos*]" = "iPhone Developer";
				COPY_PHASE_STRIP = NO;
				DEBUG_INFORMATION_FORMAT = dwarf;
				ENABLE_STRICT_OBJC_MSGSEND = YES;
				ENABLE_TESTABILITY = YES;
				GCC_C_LANGUAGE_STANDARD = gnu99;
				GCC_DYNAMIC_NO_PIC = NO;
				GCC_NO_COMMON_BLOCKS = YES;
				GCC_OPTIMIZATION_LEVEL = 0;
				GCC_PREPROCESSOR_DEFINITIONS = (
					"DEBUG=1",
					"$(inherited)",
				);
				GCC_WARN_64_TO_32_BIT_CONVERSION = YES;
				GCC_WARN_ABOUT_RETURN_TYPE = YES_ERROR;
				GCC_WARN_UNDECLARED_SELECTOR = YES;
				GCC_WARN_UNINITIALIZED_AUTOS = YES_AGGRESSIVE;
				GCC_WARN_UNUSED_FUNCTION = YES;
				GCC_WARN_UNUSED_VARIABLE = YES;
				IPHONEOS_DEPLOYMENT_TARGET = 10.3;
				MTL_ENABLE_DEBUG_INFO = YES;
				ONLY_ACTIVE_ARCH = YES;
				SDKROOT = iphoneos;
				SWIFT_ACTIVE_COMPILATION_CONDITIONS = DEBUG;
				SWIFT_OPTIMIZATION_LEVEL = "-Onone";
				TARGETED_DEVICE_FAMILY = "1,2";
			};
			name = Debug;
		};
		871E05D21EC6E4F7002933E6 /* Release */ = {
			isa = XCBuildConfiguration;
			buildSettings = {
				ALWAYS_SEARCH_USER_PATHS = NO;
				CLANG_ANALYZER_NONNULL = YES;
				CLANG_ANALYZER_NUMBER_OBJECT_CONVERSION = YES_AGGRESSIVE;
				CLANG_CXX_LANGUAGE_STANDARD = "gnu++0x";
				CLANG_CXX_LIBRARY = "libc++";
				CLANG_ENABLE_MODULES = YES;
				CLANG_ENABLE_OBJC_ARC = YES;
				CLANG_WARN_BLOCK_CAPTURE_AUTORELEASING = YES;
				CLANG_WARN_BOOL_CONVERSION = YES;
				CLANG_WARN_COMMA = YES;
				CLANG_WARN_CONSTANT_CONVERSION = YES;
				CLANG_WARN_DIRECT_OBJC_ISA_USAGE = YES_ERROR;
				CLANG_WARN_DOCUMENTATION_COMMENTS = YES;
				CLANG_WARN_EMPTY_BODY = YES;
				CLANG_WARN_ENUM_CONVERSION = YES;
				CLANG_WARN_INFINITE_RECURSION = YES;
				CLANG_WARN_INT_CONVERSION = YES;
				CLANG_WARN_NON_LITERAL_NULL_CONVERSION = YES;
				CLANG_WARN_OBJC_LITERAL_CONVERSION = YES;
				CLANG_WARN_OBJC_ROOT_CLASS = YES_ERROR;
				CLANG_WARN_RANGE_LOOP_ANALYSIS = YES;
				CLANG_WARN_STRICT_PROTOTYPES = YES;
				CLANG_WARN_SUSPICIOUS_MOVE = YES;
				CLANG_WARN_UNREACHABLE_CODE = YES;
				CLANG_WARN__DUPLICATE_METHOD_MATCH = YES;
				"CODE_SIGN_IDENTITY[sdk=iphoneos*]" = "iPhone Developer";
				COPY_PHASE_STRIP = NO;
				DEBUG_INFORMATION_FORMAT = "dwarf-with-dsym";
				ENABLE_NS_ASSERTIONS = NO;
				ENABLE_STRICT_OBJC_MSGSEND = YES;
				GCC_C_LANGUAGE_STANDARD = gnu99;
				GCC_NO_COMMON_BLOCKS = YES;
				GCC_WARN_64_TO_32_BIT_CONVERSION = YES;
				GCC_WARN_ABOUT_RETURN_TYPE = YES_ERROR;
				GCC_WARN_UNDECLARED_SELECTOR = YES;
				GCC_WARN_UNINITIALIZED_AUTOS = YES_AGGRESSIVE;
				GCC_WARN_UNUSED_FUNCTION = YES;
				GCC_WARN_UNUSED_VARIABLE = YES;
				IPHONEOS_DEPLOYMENT_TARGET = 10.3;
				MTL_ENABLE_DEBUG_INFO = NO;
				SDKROOT = iphoneos;
				SWIFT_OPTIMIZATION_LEVEL = "-Owholemodule";
				TARGETED_DEVICE_FAMILY = "1,2";
				VALIDATE_PRODUCT = YES;
			};
			name = Release;
		};
		871E05D41EC6E4F7002933E6 /* Debug */ = {
			isa = XCBuildConfiguration;
			baseConfigurationReference = 7E7DD50F3F7701A26348AE83 /* Pods-erg.debug.xcconfig */;
			buildSettings = {
				ASSETCATALOG_COMPILER_APPICON_NAME = AppIcon;
				"CODE_SIGN_IDENTITY[sdk=iphoneos*]" = "iPhone Developer";
				CODE_SIGN_STYLE = Manual;
				DEVELOPMENT_TEAM = P9H7299LZ6;
				INFOPLIST_FILE = erg/Info.plist;
				IPHONEOS_DEPLOYMENT_TARGET = 10.0;
				LD_RUNPATH_SEARCH_PATHS = "$(inherited) @executable_path/Frameworks";
				PRODUCT_BUNDLE_IDENTIFIER = star.erg;
				PRODUCT_NAME = "$(TARGET_NAME)";
				PROVISIONING_PROFILE = "4d0442e8-c1ee-4dd4-8a0d-8b4f84bbf07d";
				PROVISIONING_PROFILE_SPECIFIER = "Alphero Wildcard Dev";
				SWIFT_SWIFT3_OBJC_INFERENCE = On;
				SWIFT_VERSION = 4.0;
				TARGETED_DEVICE_FAMILY = 1;
			};
			name = Debug;
		};
		871E05D51EC6E4F7002933E6 /* Release */ = {
			isa = XCBuildConfiguration;
			baseConfigurationReference = 30790E637379AEB011944A81 /* Pods-erg.release.xcconfig */;
			buildSettings = {
				ASSETCATALOG_COMPILER_APPICON_NAME = AppIcon;
				"CODE_SIGN_IDENTITY[sdk=iphoneos*]" = "iPhone Developer";
				CODE_SIGN_STYLE = Manual;
				DEVELOPMENT_TEAM = P9H7299LZ6;
				INFOPLIST_FILE = erg/Info.plist;
				IPHONEOS_DEPLOYMENT_TARGET = 10.0;
				LD_RUNPATH_SEARCH_PATHS = "$(inherited) @executable_path/Frameworks";
				PRODUCT_BUNDLE_IDENTIFIER = star.erg;
				PRODUCT_NAME = "$(TARGET_NAME)";
				PROVISIONING_PROFILE = "4d0442e8-c1ee-4dd4-8a0d-8b4f84bbf07d";
				PROVISIONING_PROFILE_SPECIFIER = "Alphero Wildcard Dev";
				SWIFT_SWIFT3_OBJC_INFERENCE = On;
				SWIFT_VERSION = 4.0;
				TARGETED_DEVICE_FAMILY = 1;
			};
			name = Release;
		};
		871E05D71EC6E4F7002933E6 /* Debug */ = {
			isa = XCBuildConfiguration;
			baseConfigurationReference = 7E5B8C580A6CF8432D275161 /* Pods-ergTests.debug.xcconfig */;
			buildSettings = {
				ALWAYS_EMBED_SWIFT_STANDARD_LIBRARIES = YES;
				BUNDLE_LOADER = "$(TEST_HOST)";
				DEVELOPMENT_TEAM = RU5SGBJGGX;
				INFOPLIST_FILE = ergTests/Info.plist;
				LD_RUNPATH_SEARCH_PATHS = "$(inherited) @executable_path/Frameworks @loader_path/Frameworks";
				PRODUCT_BUNDLE_IDENTIFIER = star.ergTests;
				PRODUCT_NAME = "$(TARGET_NAME)";
				SWIFT_SWIFT3_OBJC_INFERENCE = On;
				SWIFT_VERSION = 4.0;
				TEST_HOST = "$(BUILT_PRODUCTS_DIR)/erg.app/erg";
			};
			name = Debug;
		};
		871E05D81EC6E4F7002933E6 /* Release */ = {
			isa = XCBuildConfiguration;
			baseConfigurationReference = 8610F3D26038AE783E702777 /* Pods-ergTests.release.xcconfig */;
			buildSettings = {
				ALWAYS_EMBED_SWIFT_STANDARD_LIBRARIES = YES;
				BUNDLE_LOADER = "$(TEST_HOST)";
				DEVELOPMENT_TEAM = RU5SGBJGGX;
				INFOPLIST_FILE = ergTests/Info.plist;
				LD_RUNPATH_SEARCH_PATHS = "$(inherited) @executable_path/Frameworks @loader_path/Frameworks";
				PRODUCT_BUNDLE_IDENTIFIER = star.ergTests;
				PRODUCT_NAME = "$(TARGET_NAME)";
				SWIFT_SWIFT3_OBJC_INFERENCE = On;
				SWIFT_VERSION = 4.0;
				TEST_HOST = "$(BUILT_PRODUCTS_DIR)/erg.app/erg";
			};
			name = Release;
		};
/* End XCBuildConfiguration section */

/* Begin XCConfigurationList section */
		871E05AE1EC6E4F6002933E6 /* Build configuration list for PBXProject "erg" */ = {
			isa = XCConfigurationList;
			buildConfigurations = (
				871E05D11EC6E4F7002933E6 /* Debug */,
				871E05D21EC6E4F7002933E6 /* Release */,
			);
			defaultConfigurationIsVisible = 0;
			defaultConfigurationName = Release;
		};
		871E05D31EC6E4F7002933E6 /* Build configuration list for PBXNativeTarget "erg" */ = {
			isa = XCConfigurationList;
			buildConfigurations = (
				871E05D41EC6E4F7002933E6 /* Debug */,
				871E05D51EC6E4F7002933E6 /* Release */,
			);
			defaultConfigurationIsVisible = 0;
			defaultConfigurationName = Release;
		};
		871E05D61EC6E4F7002933E6 /* Build configuration list for PBXNativeTarget "ergTests" */ = {
			isa = XCConfigurationList;
			buildConfigurations = (
				871E05D71EC6E4F7002933E6 /* Debug */,
				871E05D81EC6E4F7002933E6 /* Release */,
			);
			defaultConfigurationIsVisible = 0;
			defaultConfigurationName = Release;
		};
/* End XCConfigurationList section */
	};
	rootObject = 871E05AB1EC6E4F6002933E6 /* Project object */;
}
